
Microsoft Visual Studio Solution File, Format Version 12.00
# Visual Studio Version 16
VisualStudioVersion = 16.0.30907.101
MinimumVisualStudioVersion = 10.0.40219.1
Project("{FAE04EC0-301F-11D3-BF4B-00C04F79EFBC}") = "sistemaDeTreinamento", "sistemaDeTreinamento\sistemaDeTreinamento.csproj", "{DA4B4F91-8C65-4ECA-B1C6-B965847D1301}"
EndProject
Global
	GlobalSection(SolutionConfigurationPlatforms) = preSolution
		Debug|Any CPU = Debug|Any CPU
		Release|Any CPU = Release|Any CPU
	EndGlobalSection
	GlobalSection(ProjectConfigurationPlatforms) = postSolution
		{DA4B4F91-8C65-4ECA-B1C6-B965847D1301}.Debug|Any CPU.ActiveCfg = Debug|Any CPU
		{DA4B4F91-8C65-4ECA-B1C6-B965847D1301}.Debug|Any CPU.Build.0 = Debug|Any CPU
		{DA4B4F91-8C65-4ECA-B1C6-B965847D1301}.Release|Any CPU.ActiveCfg = Release|Any CPU
		{DA4B4F91-8C65-4ECA-B1C6-B965847D1301}.Release|Any CPU.Build.0 = Release|Any CPU
	EndGlobalSection
	GlobalSection(SolutionProperties) = preSolution
		HideSolutionNode = FALSE
	EndGlobalSection
	GlobalSection(ExtensibilityGlobals) = postSolution
		SolutionGuid = {FEEA48D7-6801-4566-A286-84157E1ABC94}
	EndGlobalSection
EndGlobal
